
Microsoft Visual Studio Solution File, Format Version 12.00
# Visual Studio Version 17
VisualStudioVersion = 17.14.36511.14 d17.14
MinimumVisualStudioVersion = 10.0.40219.1
Project("{FAE04EC0-301F-11D3-BF4B-00C04F79EFBC}") = "ScreenSound", "ScreenSound\ScreenSound.csproj", "{568E7F12-9DD9-42B8-887B-D6E33F7ADDDE}"
EndProject
Global
	GlobalSection(SolutionConfigurationPlatforms) = preSolution
		Debug|Any CPU = Debug|Any CPU
		Release|Any CPU = Release|Any CPU
	EndGlobalSection
	GlobalSection(ProjectConfigurationPlatforms) = postSolution
		{568E7F12-9DD9-42B8-887B-D6E33F7ADDDE}.Debug|Any CPU.ActiveCfg = Debug|Any CPU
		{568E7F12-9DD9-42B8-887B-D6E33F7ADDDE}.Debug|Any CPU.Build.0 = Debug|Any CPU
		{568E7F12-9DD9-42B8-887B-D6E33F7ADDDE}.Release|Any CPU.ActiveCfg = Release|Any CPU
		{568E7F12-9DD9-42B8-887B-D6E33F7ADDDE}.Release|Any CPU.Build.0 = Release|Any CPU
	EndGlobalSection
	GlobalSection(SolutionProperties) = preSolution
		HideSolutionNode = FALSE
	EndGlobalSection
	GlobalSection(ExtensibilityGlobals) = postSolution
		SolutionGuid = {6E149B87-5346-4D8E-AE1B-45C90B040715}
	EndGlobalSection
EndGlobal
